
Microsoft Visual Studio Solution File, Format Version 12.00
# Visual Studio Version 16
VisualStudioVersion = 16.0.32602.291
MinimumVisualStudioVersion = 10.0.40219.1
Project("{8BC9CEB8-8B4A-11D0-8D11-00A0C91BC942}") = "21127321_W03_01", "21127321_W03_01.vcxproj", "{C309FDB6-5820-4EC5-A476-FAE6D3A39FE3}"
EndProject
Global
	GlobalSection(SolutionConfigurationPlatforms) = preSolution
		Debug|x64 = Debug|x64
		Debug|x86 = Debug|x86
		Release|x64 = Release|x64
		Release|x86 = Release|x86
	EndGlobalSection
	GlobalSection(ProjectConfigurationPlatforms) = postSolution
		{C309FDB6-5820-4EC5-A476-FAE6D3A39FE3}.Debug|x64.ActiveCfg = Debug|x64
		{C309FDB6-5820-4EC5-A476-FAE6D3A39FE3}.Debug|x64.Build.0 = Debug|x64
		{C309FDB6-5820-4EC5-A476-FAE6D3A39FE3}.Debug|x86.ActiveCfg = Debug|Win32
		{C309FDB6-5820-4EC5-A476-FAE6D3A39FE3}.Debug|x86.Build.0 = Debug|Win32
		{C309FDB6-5820-4EC5-A476-FAE6D3A39FE3}.Release|x64.ActiveCfg = Release|x64
		{C309FDB6-5820-4EC5-A476-FAE6D3A39FE3}.Release|x64.Build.0 = Release|x64
		{C309FDB6-5820-4EC5-A476-FAE6D3A39FE3}.Release|x86.ActiveCfg = Release|Win32
		{C309FDB6-5820-4EC5-A476-FAE6D3A39FE3}.Release|x86.Build.0 = Release|Win32
	EndGlobalSection
	GlobalSection(SolutionProperties) = preSolution
		HideSolutionNode = FALSE
	EndGlobalSection
	GlobalSection(ExtensibilityGlobals) = postSolution
		SolutionGuid = {F01CEE1C-7923-4532-B525-324F23047CD4}
	EndGlobalSection
EndGlobal
